
Microsoft Visual Studio Solution File, Format Version 12.00
# Visual Studio Version 17
VisualStudioVersion = 17.3.32922.545
MinimumVisualStudioVersion = 10.0.40219.1
Project("{FAE04EC0-301F-11D3-BF4B-00C04F79EFBC}") = "17.11.22", "17.11.22\17.11.22.csproj", "{D871E4C0-4C8E-4818-A580-C56A7823D433}"
EndProject
Global
	GlobalSection(SolutionConfigurationPlatforms) = preSolution
		Debug|Any CPU = Debug|Any CPU
		Release|Any CPU = Release|Any CPU
	EndGlobalSection
	GlobalSection(ProjectConfigurationPlatforms) = postSolution
		{D871E4C0-4C8E-4818-A580-C56A7823D433}.Debug|Any CPU.ActiveCfg = Debug|Any CPU
		{D871E4C0-4C8E-4818-A580-C56A7823D433}.Debug|Any CPU.Build.0 = Debug|Any CPU
		{D871E4C0-4C8E-4818-A580-C56A7823D433}.Release|Any CPU.ActiveCfg = Release|Any CPU
		{D871E4C0-4C8E-4818-A580-C56A7823D433}.Release|Any CPU.Build.0 = Release|Any CPU
	EndGlobalSection
	GlobalSection(SolutionProperties) = preSolution
		HideSolutionNode = FALSE
	EndGlobalSection
	GlobalSection(ExtensibilityGlobals) = postSolution
		SolutionGuid = {5B9027DB-33E2-4C79-9C2C-943FC57C42B6}
	EndGlobalSection
EndGlobal
